
Microsoft Visual Studio Solution File, Format Version 12.00
# Visual Studio Version 16
VisualStudioVersion = 16.0.29613.14
MinimumVisualStudioVersion = 10.0.40219.1
Project("{FAE04EC0-301F-11D3-BF4B-00C04F79EFBC}") = "MegaDesk-LamaAnu", "MegaDesk-LamaAnu.csproj", "{BAB0BE60-1697-4986-80F2-583C24EF7F66}"
EndProject
Global
	GlobalSection(SolutionConfigurationPlatforms) = preSolution
		Debug|Any CPU = Debug|Any CPU
		Release|Any CPU = Release|Any CPU
	EndGlobalSection
	GlobalSection(ProjectConfigurationPlatforms) = postSolution
		{BAB0BE60-1697-4986-80F2-583C24EF7F66}.Debug|Any CPU.ActiveCfg = Debug|Any CPU
		{BAB0BE60-1697-4986-80F2-583C24EF7F66}.Debug|Any CPU.Build.0 = Debug|Any CPU
		{BAB0BE60-1697-4986-80F2-583C24EF7F66}.Release|Any CPU.ActiveCfg = Release|Any CPU
		{BAB0BE60-1697-4986-80F2-583C24EF7F66}.Release|Any CPU.Build.0 = Release|Any CPU
	EndGlobalSection
	GlobalSection(SolutionProperties) = preSolution
		HideSolutionNode = FALSE
	EndGlobalSection
	GlobalSection(ExtensibilityGlobals) = postSolution
		SolutionGuid = {182CFEAA-3343-4482-B414-0C79CAB235F2}
	EndGlobalSection
EndGlobal
